
Microsoft Visual Studio Solution File, Format Version 12.00
# Visual Studio Version 16
VisualStudioVersion = 16.0.32510.428
MinimumVisualStudioVersion = 10.0.40219.1
Project("{9A19103F-16F7-4668-BE54-9A1E7A4F7556}") = "Mech Workshop Service Track", "Mech Workshop Service Track\Mech Workshop Service Track.csproj", "{F842563A-8444-4D72-B3ED-5B7DF9748F54}"
EndProject
Project("{9A19103F-16F7-4668-BE54-9A1E7A4F7556}") = "Domain", "Domain\Domain.csproj", "{26B9B1E9-5FE9-45F5-A71F-CB5C0D03186E}"
EndProject
Project("{9A19103F-16F7-4668-BE54-9A1E7A4F7556}") = "DataAccess", "DataAccess\DataAccess.csproj", "{5A978CB9-4387-4278-83ED-860EDA87168F}"
EndProject
Project("{9A19103F-16F7-4668-BE54-9A1E7A4F7556}") = "DomainTests", "DomainTests\DomainTests.csproj", "{69490E72-C8CA-4637-8A08-B9DF1C870E9D}"
EndProject
Project("{9A19103F-16F7-4668-BE54-9A1E7A4F7556}") = "DataAccessTests", "DataAccessTests\DataAccessTests.csproj", "{D4EAF94E-BB47-4A33-98C3-C2AFE5D2275E}"
EndProject
Project("{FAE04EC0-301F-11D3-BF4B-00C04F79EFBC}") = "AccessTester", "AccessTester\AccessTester.csproj", "{2B8D29E6-C3FC-4D22-83C4-AEC384F2E860}"
EndProject
Global
	GlobalSection(SolutionConfigurationPlatforms) = preSolution
		Debug|Any CPU = Debug|Any CPU
		Release|Any CPU = Release|Any CPU
	EndGlobalSection
	GlobalSection(ProjectConfigurationPlatforms) = postSolution
		{F842563A-8444-4D72-B3ED-5B7DF9748F54}.Debug|Any CPU.ActiveCfg = Debug|Any CPU
		{F842563A-8444-4D72-B3ED-5B7DF9748F54}.Debug|Any CPU.Build.0 = Debug|Any CPU
		{F842563A-8444-4D72-B3ED-5B7DF9748F54}.Release|Any CPU.ActiveCfg = Release|Any CPU
		{F842563A-8444-4D72-B3ED-5B7DF9748F54}.Release|Any CPU.Build.0 = Release|Any CPU
		{26B9B1E9-5FE9-45F5-A71F-CB5C0D03186E}.Debug|Any CPU.ActiveCfg = Debug|Any CPU
		{26B9B1E9-5FE9-45F5-A71F-CB5C0D03186E}.Debug|Any CPU.Build.0 = Debug|Any CPU
		{26B9B1E9-5FE9-45F5-A71F-CB5C0D03186E}.Release|Any CPU.ActiveCfg = Release|Any CPU
		{26B9B1E9-5FE9-45F5-A71F-CB5C0D03186E}.Release|Any CPU.Build.0 = Release|Any CPU
		{5A978CB9-4387-4278-83ED-860EDA87168F}.Debug|Any CPU.ActiveCfg = Debug|Any CPU
		{5A978CB9-4387-4278-83ED-860EDA87168F}.Debug|Any CPU.Build.0 = Debug|Any CPU
		{5A978CB9-4387-4278-83ED-860EDA87168F}.Release|Any CPU.ActiveCfg = Release|Any CPU
		{5A978CB9-4387-4278-83ED-860EDA87168F}.Release|Any CPU.Build.0 = Release|Any CPU
		{69490E72-C8CA-4637-8A08-B9DF1C870E9D}.Debug|Any CPU.ActiveCfg = Debug|Any CPU
		{69490E72-C8CA-4637-8A08-B9DF1C870E9D}.Debug|Any CPU.Build.0 = Debug|Any CPU
		{69490E72-C8CA-4637-8A08-B9DF1C870E9D}.Release|Any CPU.ActiveCfg = Release|Any CPU
		{69490E72-C8CA-4637-8A08-B9DF1C870E9D}.Release|Any CPU.Build.0 = Release|Any CPU
		{D4EAF94E-BB47-4A33-98C3-C2AFE5D2275E}.Debug|Any CPU.ActiveCfg = Debug|Any CPU
		{D4EAF94E-BB47-4A33-98C3-C2AFE5D2275E}.Debug|Any CPU.Build.0 = Debug|Any CPU
		{D4EAF94E-BB47-4A33-98C3-C2AFE5D2275E}.Release|Any CPU.ActiveCfg = Release|Any CPU
		{D4EAF94E-BB47-4A33-98C3-C2AFE5D2275E}.Release|Any CPU.Build.0 = Release|Any CPU
		{2B8D29E6-C3FC-4D22-83C4-AEC384F2E860}.Debug|Any CPU.ActiveCfg = Debug|Any CPU
		{2B8D29E6-C3FC-4D22-83C4-AEC384F2E860}.Debug|Any CPU.Build.0 = Debug|Any CPU
		{2B8D29E6-C3FC-4D22-83C4-AEC384F2E860}.Release|Any CPU.ActiveCfg = Release|Any CPU
		{2B8D29E6-C3FC-4D22-83C4-AEC384F2E860}.Release|Any CPU.Build.0 = Release|Any CPU
	EndGlobalSection
	GlobalSection(SolutionProperties) = preSolution
		HideSolutionNode = FALSE
	EndGlobalSection
	GlobalSection(ExtensibilityGlobals) = postSolution
		SolutionGuid = {CC799374-B9F6-4D2B-A032-480114188EA8}
	EndGlobalSection
EndGlobal
